
Microsoft Visual Studio Solution File, Format Version 12.00
Project("{2150E333-8FDC-42A3-9474-1A3956D46DE8}") = "OperatorsMethodsOverloadsExtensions", "OperatorsMethodsOverloadsExtensions", "{244DAA3E-350C-471A-855B-19686E65BA89}"
EndProject
Project("{FAE04EC0-301F-11D3-BF4B-00C04F79EFBC}") = "OperatorsMethodsOverloadsExtensions.ConsoleApp", "OperatorsMethodsOverloadsExtensions.ConsoleApp\OperatorsMethodsOverloadsExtensions.ConsoleApp.csproj", "{1BCEAF94-9907-4B27-A5B7-CD161C07517E}"
EndProject
Global
	GlobalSection(SolutionConfigurationPlatforms) = preSolution
		Debug|Any CPU = Debug|Any CPU
		Release|Any CPU = Release|Any CPU
	EndGlobalSection
	GlobalSection(NestedProjects) = preSolution
		{1BCEAF94-9907-4B27-A5B7-CD161C07517E} = {244DAA3E-350C-471A-855B-19686E65BA89}
	EndGlobalSection
	GlobalSection(ProjectConfigurationPlatforms) = postSolution
		{1BCEAF94-9907-4B27-A5B7-CD161C07517E}.Debug|Any CPU.ActiveCfg = Debug|Any CPU
		{1BCEAF94-9907-4B27-A5B7-CD161C07517E}.Debug|Any CPU.Build.0 = Debug|Any CPU
		{1BCEAF94-9907-4B27-A5B7-CD161C07517E}.Release|Any CPU.ActiveCfg = Release|Any CPU
		{1BCEAF94-9907-4B27-A5B7-CD161C07517E}.Release|Any CPU.Build.0 = Release|Any CPU
	EndGlobalSection
EndGlobal
